
Microsoft Visual Studio Solution File, Format Version 12.00
# Visual Studio 15
VisualStudioVersion = 15.0.28307.1525
MinimumVisualStudioVersion = 10.0.40219.1
Project("{FAE04EC0-301F-11D3-BF4B-00C04F79EFBC}") = "IIS_Server_dll", "IIS_backdoor_dll\IIS_Server_dll.csproj", "{3FDA4AA9-6FC1-473F-9048-7EDC058C4F65}"
EndProject
Global
	GlobalSection(SolutionConfigurationPlatforms) = preSolution
		Debug|Any CPU = Debug|Any CPU
		Release|Any CPU = Release|Any CPU
	EndGlobalSection
	GlobalSection(ProjectConfigurationPlatforms) = postSolution
		{3FDA4AA9-6FC1-473F-9048-7EDC058C4F65}.Debug|Any CPU.ActiveCfg = Debug|Any CPU
		{3FDA4AA9-6FC1-473F-9048-7EDC058C4F65}.Debug|Any CPU.Build.0 = Debug|Any CPU
		{3FDA4AA9-6FC1-473F-9048-7EDC058C4F65}.Release|Any CPU.ActiveCfg = Release|Any CPU
		{3FDA4AA9-6FC1-473F-9048-7EDC058C4F65}.Release|Any CPU.Build.0 = Release|Any CPU
	EndGlobalSection
	GlobalSection(SolutionProperties) = preSolution
		HideSolutionNode = FALSE
	EndGlobalSection
	GlobalSection(ExtensibilityGlobals) = postSolution
		SolutionGuid = {E45D8D34-DFC5-47A5-BBF5-8600FFE406CE}
	EndGlobalSection
EndGlobal
